<?xml version="1.0" encoding="UTF-8"?>
<Scheme
   LastUpgradeVersion = "1430"
   version = "1.7">
   <BuildAction
      parallelizeBuildables = "YES"
      buildImplicitDependencies = "YES">
      <PostActions>
         <ExecutionAction
            ActionType = "Xcode.IDEStandardExecutionActionsCore.ExecutionActionType.ShellScriptAction">
            <ActionContent
               title = "Run Script"
               scriptText = "# Type a script or drag a script file from your workspace to insert its path.&#10;PATH_TO_TARGETFRAMEWORK=~/Workspace/com.logstudios/demos/NativeiOSSwiftPlugins/Packages/NativeProfiler/Runtime/iOS/libs/nativeprofiler.framework&#10;PATH_TO_SOURCEFRAMEWORK=~/Workspace/com.logstudios/demos/nativeplugins/DerivedData/nativeprofiler/Build/Products/Debug-iphoneos/nativeprofiler.framework&#10;rm -vfr $PATH_TO_TARGETFRAMEWORK&#10;cp -vfr $PATH_TO_SOURCEFRAMEWORK $PATH_TO_TARGETFRAMEWORK&#10;">
               <EnvironmentBuildable>
                  <BuildableReference
                     BuildableIdentifier = "primary"
                     BlueprintIdentifier = "2952F5832B8632CF00B7B7A4"
                     BuildableName = "nativeprofiler.framework"
                     BlueprintName = "nativeprofiler"
                     ReferencedContainer = "container:nativeprofiler.xcodeproj">
                  </BuildableReference>
               </EnvironmentBuildable>
            </ActionContent>
         </ExecutionAction>
      </PostActions>
      <BuildActionEntries>
         <BuildActionEntry
            buildForTesting = "YES"
            buildForRunning = "YES"
            buildForProfiling = "YES"
            buildForArchiving = "YES"
            buildForAnalyzing = "YES">
            <BuildableReference
               BuildableIdentifier = "primary"
               BlueprintIdentifier = "2952F5832B8632CF00B7B7A4"
               BuildableName = "nativeprofiler.framework"
               BlueprintName = "nativeprofiler"
               ReferencedContainer = "container:nativeprofiler.xcodeproj">
            </BuildableReference>
         </BuildActionEntry>
      </BuildActionEntries>
   </BuildAction>
   <TestAction
      buildConfiguration = "Debug"
      selectedDebuggerIdentifier = "Xcode.DebuggerFoundation.Debugger.LLDB"
      selectedLauncherIdentifier = "Xcode.DebuggerFoundation.Launcher.LLDB"
      shouldUseLaunchSchemeArgsEnv = "YES"
      shouldAutocreateTestPlan = "YES">
      <Testables>
         <TestableReference
            skipped = "NO"
            parallelizable = "YES">
            <BuildableReference
               BuildableIdentifier = "primary"
               BlueprintIdentifier = "2952F58B2B8632CF00B7B7A4"
               BuildableName = "nativeprofilerTests.xctest"
               BlueprintName = "nativeprofilerTests"
               ReferencedContainer = "container:nativeprofiler.xcodeproj">
            </BuildableReference>
         </TestableReference>
      </Testables>
   </TestAction>
   <LaunchAction
      buildConfiguration = "Debug"
      selectedDebuggerIdentifier = "Xcode.DebuggerFoundation.Debugger.LLDB"
      selectedLauncherIdentifier = "Xcode.DebuggerFoundation.Launcher.LLDB"
      launchStyle = "0"
      useCustomWorkingDirectory = "NO"
      ignoresPersistentStateOnLaunch = "NO"
      debugDocumentVersioning = "YES"
      debugServiceExtension = "internal"
      allowLocationSimulation = "YES">
   </LaunchAction>
   <ProfileAction
      buildConfiguration = "Release"
      shouldUseLaunchSchemeArgsEnv = "YES"
      savedToolIdentifier = ""
      useCustomWorkingDirectory = "NO"
      debugDocumentVersioning = "YES">
      <MacroExpansion>
         <BuildableReference
            BuildableIdentifier = "primary"
            BlueprintIdentifier = "2952F5832B8632CF00B7B7A4"
            BuildableName = "nativeprofiler.framework"
            BlueprintName = "nativeprofiler"
            ReferencedContainer = "container:nativeprofiler.xcodeproj">
         </BuildableReference>
      </MacroExpansion>
   </ProfileAction>
   <AnalyzeAction
      buildConfiguration = "Debug">
   </AnalyzeAction>
   <ArchiveAction
      buildConfiguration = "Release"
      revealArchiveInOrganizer = "YES">
   </ArchiveAction>
</Scheme>
